PODS:
  - abseil/algorithm (0.20200225.0):
    - abseil/algorithm/algorithm (= 0.20200225.0)
    - abseil/algorithm/container (= 0.20200225.0)
  - abseil/algorithm/algorithm (0.20200225.0):
    - abseil/base/config
  - abseil/algorithm/container (0.20200225.0):
    - abseil/algorithm/algorithm
    - abseil/base/core_headers
    - abseil/meta/type_traits
  - abseil/base (0.20200225.0):
    - abseil/base/atomic_hook (= 0.20200225.0)
    - abseil/base/base (= 0.20200225.0)
    - abseil/base/base_internal (= 0.20200225.0)
    - abseil/base/bits (= 0.20200225.0)
    - abseil/base/config (= 0.20200225.0)
    - abseil/base/core_headers (= 0.20200225.0)
    - abseil/base/dynamic_annotations (= 0.20200225.0)
    - abseil/base/endian (= 0.20200225.0)
    - abseil/base/errno_saver (= 0.20200225.0)
    - abseil/base/exponential_biased (= 0.20200225.0)
    - abseil/base/log_severity (= 0.20200225.0)
    - abseil/base/malloc_internal (= 0.20200225.0)
    - abseil/base/periodic_sampler (= 0.20200225.0)
    - abseil/base/pretty_function (= 0.20200225.0)
    - abseil/base/raw_logging_internal (= 0.20200225.0)
    - abseil/base/spinlock_wait (= 0.20200225.0)
    - abseil/base/throw_delegate (= 0.20200225.0)
  - abseil/base/atomic_hook (0.20200225.0):
    - abseil/base/config
    - abseil/base/core_headers
  - abseil/base/base (0.20200225.0):
    - abseil/base/atomic_hook
    - abseil/base/base_internal
    - abseil/base/config
    - abseil/base/core_headers
    - abseil/base/dynamic_annotations
    - abseil/base/log_severity
    - abseil/base/raw_logging_internal
    - abseil/base/spinlock_wait
    - abseil/meta/type_traits
  - abseil/base/base_internal (0.20200225.0):
    - abseil/base/config
    - abseil/meta/type_traits
  - abseil/base/bits (0.20200225.0):
    - abseil/base/config
    - abseil/base/core_headers
  - abseil/base/config (0.20200225.0)
  - abseil/base/core_headers (0.20200225.0):
    - abseil/base/config
  - abseil/base/dynamic_annotations (0.20200225.0)
  - abseil/base/endian (0.20200225.0):
    - abseil/base/config
    - abseil/base/core_headers
  - abseil/base/errno_saver (0.20200225.0):
    - abseil/base/config
  - abseil/base/exponential_biased (0.20200225.0):
    - abseil/base/config
    - abseil/base/core_headers
  - abseil/base/log_severity (0.20200225.0):
    - abseil/base/config
    - abseil/base/core_headers
  - abseil/base/malloc_internal (0.20200225.0):
    - abseil/base/base
    - abseil/base/base_internal
    - abseil/base/config
    - abseil/base/core_headers
    - abseil/base/dynamic_annotations
    - abseil/base/raw_logging_internal
  - abseil/base/periodic_sampler (0.20200225.0):
    - abseil/base/core_headers
    - abseil/base/exponential_biased
  - abseil/base/pretty_function (0.20200225.0)
  - abseil/base/raw_logging_internal (0.20200225.0):
    - abseil/base/atomic_hook
    - abseil/base/config
    - abseil/base/core_headers
    - abseil/base/log_severity
  - abseil/base/spinlock_wait (0.20200225.0):
    - abseil/base/base_internal
    - abseil/base/core_headers
    - abseil/base/errno_saver
  - abseil/base/throw_delegate (0.20200225.0):
    - abseil/base/config
    - abseil/base/raw_logging_internal
  - abseil/container/compressed_tuple (0.20200225.0):
    - abseil/utility/utility
  - abseil/container/inlined_vector (0.20200225.0):
    - abseil/algorithm/algorithm
    - abseil/base/core_headers
    - abseil/base/throw_delegate
    - abseil/container/inlined_vector_internal
    - abseil/memory/memory
  - abseil/container/inlined_vector_internal (0.20200225.0):
    - abseil/base/core_headers
    - abseil/container/compressed_tuple
    - abseil/memory/memory
    - abseil/meta/type_traits
    - abseil/types/span
  - abseil/memory (0.20200225.0):
    - abseil/memory/memory (= 0.20200225.0)
  - abseil/memory/memory (0.20200225.0):
    - abseil/base/core_headers
    - abseil/meta/type_traits
  - abseil/meta (0.20200225.0):
    - abseil/meta/type_traits (= 0.20200225.0)
  - abseil/meta/type_traits (0.20200225.0):
    - abseil/base/config
  - abseil/numeric/int128 (0.20200225.0):
    - abseil/base/config
    - abseil/base/core_headers
  - abseil/strings/internal (0.20200225.0):
    - abseil/base/config
    - abseil/base/core_headers
    - abseil/base/endian
    - abseil/base/raw_logging_internal
    - abseil/meta/type_traits
  - abseil/strings/str_format (0.20200225.0):
    - abseil/strings/str_format_internal
  - abseil/strings/str_format_internal (0.20200225.0):
    - abseil/base/config
    - abseil/base/core_headers
    - abseil/meta/type_traits
    - abseil/numeric/int128
    - abseil/strings/strings
    - abseil/types/span
  - abseil/strings/strings (0.20200225.0):
    - abseil/base/base
    - abseil/base/bits
    - abseil/base/config
    - abseil/base/core_headers
    - abseil/base/endian
    - abseil/base/raw_logging_internal
    - abseil/base/throw_delegate
    - abseil/memory/memory
    - abseil/meta/type_traits
    - abseil/numeric/int128
    - abseil/strings/internal
  - abseil/time (0.20200225.0):
    - abseil/time/internal (= 0.20200225.0)
    - abseil/time/time (= 0.20200225.0)
  - abseil/time/internal (0.20200225.0):
    - abseil/time/internal/cctz (= 0.20200225.0)
  - abseil/time/internal/cctz (0.20200225.0):
    - abseil/time/internal/cctz/civil_time (= 0.20200225.0)
    - abseil/time/internal/cctz/time_zone (= 0.20200225.0)
  - abseil/time/internal/cctz/civil_time (0.20200225.0):
    - abseil/base/config
  - abseil/time/internal/cctz/time_zone (0.20200225.0):
    - abseil/base/config
    - abseil/time/internal/cctz/civil_time
  - abseil/time/time (0.20200225.0):
    - abseil/base/base
    - abseil/base/core_headers
    - abseil/base/raw_logging_internal
    - abseil/numeric/int128
    - abseil/strings/strings
    - abseil/time/internal/cctz/civil_time
    - abseil/time/internal/cctz/time_zone
  - abseil/types (0.20200225.0):
    - abseil/types/any (= 0.20200225.0)
    - abseil/types/bad_any_cast (= 0.20200225.0)
    - abseil/types/bad_any_cast_impl (= 0.20200225.0)
    - abseil/types/bad_optional_access (= 0.20200225.0)
    - abseil/types/bad_variant_access (= 0.20200225.0)
    - abseil/types/compare (= 0.20200225.0)
    - abseil/types/optional (= 0.20200225.0)
    - abseil/types/span (= 0.20200225.0)
    - abseil/types/variant (= 0.20200225.0)
  - abseil/types/any (0.20200225.0):
    - abseil/base/config
    - abseil/base/core_headers
    - abseil/meta/type_traits
    - abseil/types/bad_any_cast
    - abseil/utility/utility
  - abseil/types/bad_any_cast (0.20200225.0):
    - abseil/base/config
    - abseil/types/bad_any_cast_impl
  - abseil/types/bad_any_cast_impl (0.20200225.0):
    - abseil/base/config
    - abseil/base/raw_logging_internal
  - abseil/types/bad_optional_access (0.20200225.0):
    - abseil/base/config
    - abseil/base/raw_logging_internal
  - abseil/types/bad_variant_access (0.20200225.0):
    - abseil/base/config
    - abseil/base/raw_logging_internal
  - abseil/types/compare (0.20200225.0):
    - abseil/base/core_headers
    - abseil/meta/type_traits
  - abseil/types/optional (0.20200225.0):
    - abseil/base/base_internal
    - abseil/base/config
    - abseil/base/core_headers
    - abseil/memory/memory
    - abseil/meta/type_traits
    - abseil/types/bad_optional_access
    - abseil/utility/utility
  - abseil/types/span (0.20200225.0):
    - abseil/algorithm/algorithm
    - abseil/base/core_headers
    - abseil/base/throw_delegate
    - abseil/meta/type_traits
  - abseil/types/variant (0.20200225.0):
    - abseil/base/base_internal
    - abseil/base/config
    - abseil/base/core_headers
    - abseil/meta/type_traits
    - abseil/types/bad_variant_access
    - abseil/utility/utility
  - abseil/utility/utility (0.20200225.0):
    - abseil/base/base_internal
    - abseil/base/config
    - abseil/meta/type_traits
  - AlgoliaSearchClient (8.8.1):
    - Logging
  - AnyCodable-FlightSchool (0.4.0)
  - BoringSSL-GRPC (0.0.7):
    - BoringSSL-GRPC/Implementation (= 0.0.7)
    - BoringSSL-GRPC/Interface (= 0.0.7)
  - BoringSSL-GRPC/Implementation (0.0.7):
    - BoringSSL-GRPC/Interface (= 0.0.7)
  - BoringSSL-GRPC/Interface (0.0.7)
  - BSImagePicker (3.3.1)
  - ChromaColorPicker (2.0.2)
  - CodableFirebase (0.2.1)
  - Differ (1.4.5)
  - FaceAware (2.1.0)
  - FDWaveformView (5.0.1)
  - Firebase (7.9.0):
    - Firebase/Core (= 7.9.0)
  - Firebase/Auth (7.9.0):
    - Firebase/CoreOnly
    - FirebaseAuth (~> 7.9.0)
  - Firebase/Core (7.9.0):
    - Firebase/CoreOnly
    - FirebaseAnalytics (~> 7.9.0)
  - Firebase/CoreOnly (7.9.0):
    - FirebaseCore (= 7.9.0)
  - Firebase/Firestore (7.9.0):
    - Firebase/CoreOnly
    - FirebaseFirestore (~> 7.9.0)
  - Firebase/Functions (7.9.0):
    - Firebase/CoreOnly
    - FirebaseFunctions (~> 7.9.0)
  - Firebase/Storage (7.9.0):
    - Firebase/CoreOnly
    - FirebaseStorage (~> 7.9.0)
  - FirebaseAnalytics (7.9.0):
    - FirebaseCore (~> 7.0)
    - FirebaseInstallations (~> 7.0)
    - GoogleAppMeasurement (= 7.9.0)
    - GoogleUtilities/AppDelegateSwizzler (~> 7.0)
    - GoogleUtilities/MethodSwizzler (~> 7.0)
    - GoogleUtilities/Network (~> 7.0)
    - "GoogleUtilities/NSData+zlib (~> 7.0)"
    - nanopb (~> 2.30907.0)
  - FirebaseAuth (7.9.0):
    - FirebaseCore (~> 7.0)
    - GoogleUtilities/AppDelegateSwizzler (~> 7.0)
    - GoogleUtilities/Environment (~> 7.0)
    - GTMSessionFetcher/Core (~> 1.4)
  - FirebaseCore (7.9.0):
    - FirebaseCoreDiagnostics (~> 7.4)
    - GoogleUtilities/Environment (~> 7.0)
    - GoogleUtilities/Logger (~> 7.0)
  - FirebaseCoreDiagnostics (7.9.0):
    - GoogleDataTransport (~> 8.0)
    - GoogleUtilities/Environment (~> 7.0)
    - GoogleUtilities/Logger (~> 7.0)
    - nanopb (~> 2.30907.0)
  - FirebaseFirestore (7.9.0):
    - abseil/algorithm (= 0.20200225.0)
    - abseil/base (= 0.20200225.0)
    - abseil/memory (= 0.20200225.0)
    - abseil/meta (= 0.20200225.0)
    - abseil/strings/strings (= 0.20200225.0)
    - abseil/time (= 0.20200225.0)
    - abseil/types (= 0.20200225.0)
    - FirebaseCore (~> 7.0)
    - "gRPC-C++ (~> 1.28.0)"
    - leveldb-library (~> 1.22)
    - nanopb (~> 2.30907.0)
  - FirebaseFunctions (7.9.0):
    - FirebaseCore (~> 7.0)
    - GTMSessionFetcher/Core (~> 1.4)
  - FirebaseInstallations (7.9.0):
    - FirebaseCore (~> 7.0)
    - GoogleUtilities/Environment (~> 7.0)
    - GoogleUtilities/UserDefaults (~> 7.0)
    - PromisesObjC (~> 1.2)
  - FirebaseStorage (7.9.0):
    - FirebaseCore (~> 7.0)
    - GTMSessionFetcher/Core (~> 1.4)
  - FirebaseUI/Firestore (10.0.2):
    - Firebase/Firestore
  - FirebaseUI/Storage (10.0.2):
    - Firebase/Storage
    - SDWebImage (~> 5.6)
  - GoogleAppMeasurement (7.9.0):
    - GoogleUtilities/AppDelegateSwizzler (~> 7.0)
    - GoogleUtilities/MethodSwizzler (~> 7.0)
    - GoogleUtilities/Network (~> 7.0)
    - "GoogleUtilities/NSData+zlib (~> 7.0)"
    - nanopb (~> 2.30907.0)
  - GoogleDataTransport (8.3.1):
    - GoogleUtilities/Environment (~> 7.2)
    - nanopb (~> 2.30907.0)
    - PromisesObjC (~> 1.2)
  - GoogleUtilities/AppDelegateSwizzler (7.3.1):
    - GoogleUtilities/Environment
    - GoogleUtilities/Logger
    - GoogleUtilities/Network
  - GoogleUtilities/Environment (7.3.1):
    - PromisesObjC (~> 1.2)
  - GoogleUtilities/Logger (7.3.1):
    - GoogleUtilities/Environment
  - GoogleUtilities/MethodSwizzler (7.3.1):
    - GoogleUtilities/Logger
  - GoogleUtilities/Network (7.3.1):
    - GoogleUtilities/Logger
    - "GoogleUtilities/NSData+zlib"
    - GoogleUtilities/Reachability
  - "GoogleUtilities/NSData+zlib (7.3.1)"
  - GoogleUtilities/Reachability (7.3.1):
    - GoogleUtilities/Logger
  - GoogleUtilities/UserDefaults (7.3.1):
    - GoogleUtilities/Logger
  - "gRPC-C++ (1.28.2)":
    - "gRPC-C++/Implementation (= 1.28.2)"
    - "gRPC-C++/Interface (= 1.28.2)"
  - "gRPC-C++/Implementation (1.28.2)":
    - abseil/container/inlined_vector (= 0.20200225.0)
    - abseil/memory/memory (= 0.20200225.0)
    - abseil/strings/str_format (= 0.20200225.0)
    - abseil/strings/strings (= 0.20200225.0)
    - abseil/types/optional (= 0.20200225.0)
    - "gRPC-C++/Interface (= 1.28.2)"
    - gRPC-Core (= 1.28.2)
  - "gRPC-C++/Interface (1.28.2)"
  - gRPC-Core (1.28.2):
    - gRPC-Core/Implementation (= 1.28.2)
    - gRPC-Core/Interface (= 1.28.2)
  - gRPC-Core/Implementation (1.28.2):
    - abseil/container/inlined_vector (= 0.20200225.0)
    - abseil/memory/memory (= 0.20200225.0)
    - abseil/strings/str_format (= 0.20200225.0)
    - abseil/strings/strings (= 0.20200225.0)
    - abseil/types/optional (= 0.20200225.0)
    - BoringSSL-GRPC (= 0.0.7)
    - gRPC-Core/Interface (= 1.28.2)
  - gRPC-Core/Interface (1.28.2)
  - GTMSessionFetcher/Core (1.5.0)
  - Hero (1.5.0)
  - InputBarAccessoryView (4.3.2):
    - InputBarAccessoryView/Core (= 4.3.2)
  - InputBarAccessoryView/Core (4.3.2)
  - leveldb-library (1.22.1)
  - Logging (1.4.0)
  - nanopb (2.30907.0):
    - nanopb/decode (= 2.30907.0)
    - nanopb/encode (= 2.30907.0)
  - nanopb/decode (2.30907.0)
  - nanopb/encode (2.30907.0)
  - NYTPhotoViewer (5.0.4):
    - NYTPhotoViewer/AnimatedGifSupport (= 5.0.4)
    - NYTPhotoViewer/Core (= 5.0.4)
  - NYTPhotoViewer/AnimatedGifSupport (5.0.4):
    - NYTPhotoViewer/Core
    - PINRemoteImage/iOS (~> 3.0.1)
    - PINRemoteImage/PINCache
  - NYTPhotoViewer/Core (5.0.4)
  - PhoneNumberKit (3.3.3):
    - PhoneNumberKit/PhoneNumberKitCore (= 3.3.3)
    - PhoneNumberKit/UIKit (= 3.3.3)
  - PhoneNumberKit/PhoneNumberKitCore (3.3.3)
  - PhoneNumberKit/UIKit (3.3.3):
    - PhoneNumberKit/PhoneNumberKitCore
  - PINCache (3.0.3):
    - PINCache/Arc-exception-safe (= 3.0.3)
    - PINCache/Core (= 3.0.3)
  - PINCache/Arc-exception-safe (3.0.3):
    - PINCache/Core
  - PINCache/Core (3.0.3):
    - PINOperation (~> 1.2.1)
  - PINOperation (1.2.1)
  - PINRemoteImage/Core (3.0.3):
    - PINOperation
  - PINRemoteImage/iOS (3.0.3):
    - PINRemoteImage/Core
  - PINRemoteImage/PINCache (3.0.3):
    - PINCache (~> 3.0.3)
    - PINRemoteImage/Core
  - PromisesObjC (1.2.12)
  - Reusable (4.1.1):
    - Reusable/Storyboard (= 4.1.1)
    - Reusable/View (= 4.1.1)
  - Reusable/Storyboard (4.1.1)
  - Reusable/View (4.1.1)
  - SDWebImage (5.10.4):
    - SDWebImage/Core (= 5.10.4)
  - SDWebImage/Core (5.10.4)
  - Sourcery (1.3.4)
  - SwiftLint (0.39.2)
  - TinyConstraints (4.0.1)
  - XLPagerTabStrip (9.0.0)

DEPENDENCIES:
  - AlgoliaSearchClient (~> 8.8.0)
  - AnyCodable-FlightSchool (~> 0.4.0)
  - BSImagePicker (~> 3.3.1)
  - ChromaColorPicker
  - CodableFirebase
  - Differ
  - FaceAware
  - FDWaveformView
  - Firebase
  - Firebase/Auth
  - Firebase/Firestore
  - Firebase/Functions
  - Firebase/Storage
  - FirebaseUI/Firestore (~> 10.0.2)
  - FirebaseUI/Storage (~> 10.0.2)
  - Hero
  - InputBarAccessoryView
  - NYTPhotoViewer (= 5.0.4)
  - PhoneNumberKit (~> 3.3.3)
  - Reusable
  - Sourcery
  - SwiftLint
  - TinyConstraints
  - XLPagerTabStrip (~> 9.0)

SPEC REPOS:
  trunk:
    - abseil
    - AlgoliaSearchClient
    - AnyCodable-FlightSchool
    - BoringSSL-GRPC
    - BSImagePicker
    - ChromaColorPicker
    - CodableFirebase
    - Differ
    - FaceAware
    - FDWaveformView
    - Firebase
    - FirebaseAnalytics
    - FirebaseAuth
    - FirebaseCore
    - FirebaseCoreDiagnostics
    - FirebaseFirestore
    - FirebaseFunctions
    - FirebaseInstallations
    - FirebaseStorage
    - FirebaseUI
    - GoogleAppMeasurement
    - GoogleDataTransport
    - GoogleUtilities
    - "gRPC-C++"
    - gRPC-Core
    - GTMSessionFetcher
    - Hero
    - InputBarAccessoryView
    - leveldb-library
    - Logging
    - nanopb
    - NYTPhotoViewer
    - PhoneNumberKit
    - PINCache
    - PINOperation
    - PINRemoteImage
    - PromisesObjC
    - Reusable
    - SDWebImage
    - Sourcery
    - SwiftLint
    - TinyConstraints
    - XLPagerTabStrip

SPEC CHECKSUMS:
  abseil: 6c8eb7892aefa08d929b39f9bb108e5367e3228f
  AlgoliaSearchClient: bbafe7f014cc0b474646d794ae3675ef4e92f0d5
  AnyCodable-FlightSchool: 9bf42632b5256c78710e2f4fb18ce78e89180883
  BoringSSL-GRPC: 8edf627ee524575e2f8d19d56f068b448eea3879
  BSImagePicker: 0fe04b574d4d6b81093785d2af6c26227efc8428
  ChromaColorPicker: 307585f2dc23d4d72f24cad320c1e08825cb5c09
  CodableFirebase: 0bf201991eeec35eb9fcd987d271ea463cf34a80
  Differ: 3b6bd78e2b20cc795d9a86f7641d087524e4273e
  FaceAware: f1266b8719a1a90da3d763b8cb428554edf0fa61
  FDWaveformView: c188be613947273cc83d6f0056505f60e6c4b9ac
  Firebase: d8bd6bd34b4c7ed57bfdd056c66ff5adcdde53ab
  FirebaseAnalytics: 31b1269830dfe16687db3c60b76082c12bd6d527
  FirebaseAuth: 20625f04fdd213995249a82375b3dab39b1c136c
  FirebaseCore: 0798738ad1ae0fda67e17c7b9081241c431c6859
  FirebaseCoreDiagnostics: 3d36e05da74cb8b7ce30e6594a8f201b982c725c
  FirebaseFirestore: a2de10a51530efd84f2309acbe774f498285e93a
  FirebaseFunctions: 1bf9aa5435378d091bf495a5db83249ddca4b13e
  FirebaseInstallations: 5e777e6640fa060405cc7632447b6c5ca5af4742
  FirebaseStorage: 0646be9a7552aac5703d095961081942e693967d
  FirebaseUI: 59db3d833773f985550897d54ceb811ba37fb9a5
  GoogleAppMeasurement: 120eec8803fe65a4a7475fb3d3d59a61d0e1a866
  GoogleDataTransport: 8b0e733ea77c9218778e5a9e34ba9508b8328939
  GoogleUtilities: e1d9ed4e544fc32a93e00e721400cbc3f377200d
  "gRPC-C++": 13d8ccef97d5c3c441b7e3c529ef28ebee86fad2
  gRPC-Core: 4afa11bfbedf7cdecd04de535a9e046893404ed5
  GTMSessionFetcher: b3503b20a988c4e20cc189aa798fd18220133f52
  Hero: b7385b75e7259da62f4f85462f59a5082d66b058
  InputBarAccessoryView: 7985d418040a05fe894bd4b8328dd43ab35517c3
  leveldb-library: 50c7b45cbd7bf543c81a468fe557a16ae3db8729
  Logging: beeb016c9c80cf77042d62e83495816847ef108b
  nanopb: 59221d7f958fb711001e6a449489542d92ae113e
  NYTPhotoViewer: df89f12e0e110eb46a8052572575a8cd1216b256
  PhoneNumberKit: 4ce83273551c4d2ae10b7361162f4283dd02835f
  PINCache: 7a8fc1a691173d21dbddbf86cd515de6efa55086
  PINOperation: 00c935935f1e8cf0d1e2d6b542e75b88fc3e5e20
  PINRemoteImage: f1295b29f8c5e640e25335a1b2bd9d805171bd01
  PromisesObjC: 3113f7f76903778cf4a0586bd1ab89329a0b7b97
  Reusable: 53a9acf5c536f229b31b5865782414b508252ddb
  SDWebImage: c666b97e1fa9c64b4909816a903322018f0a9c84
  Sourcery: 1b5b0f816fbed6d0c7c066786fff4074e470e796
  SwiftLint: 22ccbbe3b8008684be5955693bab135e0ed6a447
  TinyConstraints: 8dd91295e56797648c7bc335dd20e1d91ec4c192
  XLPagerTabStrip: 61c57fd61f611ee5f01ff1495ad6fbee8bf496c5

PODFILE CHECKSUM: 140a61064c216d2325920cbc7b9970f5acedeb2b

COCOAPODS: 1.10.1
