// !$*UTF8*$!
{
	archiveVersion = 1;
	classes = {
	};
	objectVersion = 51;
	objects = {

/* Begin PBXBuildFile section */
		169B811410691C70C14B4A08 /* Pods_epam_messenger.framework in Frameworks */ = {isa = PBXBuildFile; fileRef = F441FB6A6D812A19A67B8D4F /* Pods_epam_messenger.framework */; };
		8526F3D32417907B00ED62E8 /* Assets.xcassets in Resources */ = {isa = PBXBuildFile; fileRef = 8526F3D22417907B00ED62E8 /* Assets.xcassets */; };
		8526F3D52417B8C000ED62E8 /* MessageKit24HourDateFormatter.swift in Sources */ = {isa = PBXBuildFile; fileRef = 8526F3D42417B8C000ED62E8 /* MessageKit24HourDateFormatter.swift */; };
		853FD19E24165EDE005A7985 /* FirestoreService.swift in Sources */ = {isa = PBXBuildFile; fileRef = 853FD19D24165EDE005A7985 /* FirestoreService.swift */; };
		853FD1AF2416A55A005A7985 /* InvertedCollectionViewFlowLayout.swift in Sources */ = {isa = PBXBuildFile; fileRef = 853FD1AE2416A55A005A7985 /* InvertedCollectionViewFlowLayout.swift */; };
		856A9C1F2411B8D10039E977 /* GoogleService-Info.plist in Resources */ = {isa = PBXBuildFile; fileRef = 856A9C1E2411B8D10039E977 /* GoogleService-Info.plist */; };
		85BE9A6924118CF200E6643B /* AppDelegate.swift in Sources */ = {isa = PBXBuildFile; fileRef = 85BE9A6824118CF200E6643B /* AppDelegate.swift */; };
		85BE9A7224118CF200E6643B /* Assets.xcassets in Resources */ = {isa = PBXBuildFile; fileRef = 85BE9A7124118CF200E6643B /* Assets.xcassets */; };
		85BE9A7524118CF200E6643B /* LaunchScreen.storyboard in Resources */ = {isa = PBXBuildFile; fileRef = 85BE9A7324118CF200E6643B /* LaunchScreen.storyboard */; };
		85FF25622414623200A25D7A /* ChatModel.swift in Sources */ = {isa = PBXBuildFile; fileRef = 85FF25612414623200A25D7A /* ChatModel.swift */; };
		85FF25642414624B00A25D7A /* MessageModel.swift in Sources */ = {isa = PBXBuildFile; fileRef = 85FF25632414624B00A25D7A /* MessageModel.swift */; };
		85FF256C2414DCDF00A25D7A /* ChatCell.swift in Sources */ = {isa = PBXBuildFile; fileRef = 85FF256A2414DCDF00A25D7A /* ChatCell.swift */; };
		85FF256D2414DCDF00A25D7A /* ChatCell.xib in Resources */ = {isa = PBXBuildFile; fileRef = 85FF256B2414DCDF00A25D7A /* ChatCell.xib */; };
		85FF25752415976600A25D7A /* ViewModel.swift in Sources */ = {isa = PBXBuildFile; fileRef = 85FF25742415976600A25D7A /* ViewModel.swift */; };
		85FF25772415AFC300A25D7A /* ChatListSectionController.swift in Sources */ = {isa = PBXBuildFile; fileRef = 85FF25762415AFC300A25D7A /* ChatListSectionController.swift */; };
		E6B74976241427C700F00B29 /* AssemblyBuilder.swift in Sources */ = {isa = PBXBuildFile; fileRef = E6B74975241427C700F00B29 /* AssemblyBuilder.swift */; };
		E6B74981241433BF00F00B29 /* AuthorizationViewModel.swift in Sources */ = {isa = PBXBuildFile; fileRef = E6B74980241433BF00F00B29 /* AuthorizationViewModel.swift */; };
		E6B74984241433F500F00B29 /* AuthorizationViewController.swift in Sources */ = {isa = PBXBuildFile; fileRef = E6B74982241433F500F00B29 /* AuthorizationViewController.swift */; };
		E6B74985241433F500F00B29 /* AuthorizationViewController.xib in Resources */ = {isa = PBXBuildFile; fileRef = E6B74983241433F500F00B29 /* AuthorizationViewController.xib */; };
		E6B749882414377500F00B29 /* Router.swift in Sources */ = {isa = PBXBuildFile; fileRef = E6B749872414377500F00B29 /* Router.swift */; };
		E6B7498A2414382300F00B29 /* ChatListViewModel.swift in Sources */ = {isa = PBXBuildFile; fileRef = E6B749892414382300F00B29 /* ChatListViewModel.swift */; };
		E6B7498D2414387200F00B29 /* ChatListViewController.swift in Sources */ = {isa = PBXBuildFile; fileRef = E6B7498B2414387200F00B29 /* ChatListViewController.swift */; };
		E6B7498E2414387200F00B29 /* ChatListViewController.xib in Resources */ = {isa = PBXBuildFile; fileRef = E6B7498C2414387200F00B29 /* ChatListViewController.xib */; };
		E6B74993241449C600F00B29 /* ChatViewController.swift in Sources */ = {isa = PBXBuildFile; fileRef = E6B74991241449C600F00B29 /* ChatViewController.swift */; };
		E6B74994241449C600F00B29 /* ChatViewController.xib in Resources */ = {isa = PBXBuildFile; fileRef = E6B74992241449C600F00B29 /* ChatViewController.xib */; };
		E6B7499624144A4F00F00B29 /* ChatViewModel.swift in Sources */ = {isa = PBXBuildFile; fileRef = E6B7499524144A4F00F00B29 /* ChatViewModel.swift */; };
		E6B7499824144C5700F00B29 /* SceneDelegate.swift in Sources */ = {isa = PBXBuildFile; fileRef = E6B7499724144C5700F00B29 /* SceneDelegate.swift */; };
/* End PBXBuildFile section */

/* Begin PBXFileReference section */
		1447E47D98003B2188F3A79C /* Pods-epam_messenger.release.xcconfig */ = {isa = PBXFileReference; includeInIndex = 1; lastKnownFileType = text.xcconfig; name = "Pods-epam_messenger.release.xcconfig"; path = "Pods/Target Support Files/Pods-epam_messenger/Pods-epam_messenger.release.xcconfig"; sourceTree = "<group>"; };
		8200E48EEFB5B1F1D143E5ED /* Pods-epam_messenger.debug.xcconfig */ = {isa = PBXFileReference; includeInIndex = 1; lastKnownFileType = text.xcconfig; name = "Pods-epam_messenger.debug.xcconfig"; path = "Pods/Target Support Files/Pods-epam_messenger/Pods-epam_messenger.debug.xcconfig"; sourceTree = "<group>"; };
		8526F3D22417907B00ED62E8 /* Assets.xcassets */ = {isa = PBXFileReference; lastKnownFileType = folder.assetcatalog; path = Assets.xcassets; sourceTree = "<group>"; };
		8526F3D42417B8C000ED62E8 /* MessageKit24HourDateFormatter.swift */ = {isa = PBXFileReference; lastKnownFileType = sourcecode.swift; path = MessageKit24HourDateFormatter.swift; sourceTree = "<group>"; };
		853FD19D24165EDE005A7985 /* FirestoreService.swift */ = {isa = PBXFileReference; lastKnownFileType = sourcecode.swift; path = FirestoreService.swift; sourceTree = "<group>"; };
		853FD1AE2416A55A005A7985 /* InvertedCollectionViewFlowLayout.swift */ = {isa = PBXFileReference; lastKnownFileType = sourcecode.swift; path = InvertedCollectionViewFlowLayout.swift; sourceTree = "<group>"; };
		856A9C1E2411B8D10039E977 /* GoogleService-Info.plist */ = {isa = PBXFileReference; fileEncoding = 4; lastKnownFileType = text.plist.xml; path = "GoogleService-Info.plist"; sourceTree = "<group>"; };
		85BE9A6524118CF200E6643B /* epam_messenger.app */ = {isa = PBXFileReference; explicitFileType = wrapper.application; includeInIndex = 0; path = epam_messenger.app; sourceTree = BUILT_PRODUCTS_DIR; };
		85BE9A6824118CF200E6643B /* AppDelegate.swift */ = {isa = PBXFileReference; lastKnownFileType = sourcecode.swift; path = AppDelegate.swift; sourceTree = "<group>"; };
		85BE9A7124118CF200E6643B /* Assets.xcassets */ = {isa = PBXFileReference; lastKnownFileType = folder.assetcatalog; path = Assets.xcassets; sourceTree = "<group>"; };
		85BE9A7424118CF200E6643B /* Base */ = {isa = PBXFileReference; lastKnownFileType = file.storyboard; name = Base; path = Base.lproj/LaunchScreen.storyboard; sourceTree = "<group>"; };
		85BE9A7624118CF200E6643B /* Info.plist */ = {isa = PBXFileReference; lastKnownFileType = text.plist.xml; path = Info.plist; sourceTree = "<group>"; };
		85FF25612414623200A25D7A /* ChatModel.swift */ = {isa = PBXFileReference; lastKnownFileType = sourcecode.swift; path = ChatModel.swift; sourceTree = "<group>"; };
		85FF25632414624B00A25D7A /* MessageModel.swift */ = {isa = PBXFileReference; lastKnownFileType = sourcecode.swift; path = MessageModel.swift; sourceTree = "<group>"; };
		85FF256A2414DCDF00A25D7A /* ChatCell.swift */ = {isa = PBXFileReference; lastKnownFileType = sourcecode.swift; path = ChatCell.swift; sourceTree = "<group>"; };
		85FF256B2414DCDF00A25D7A /* ChatCell.xib */ = {isa = PBXFileReference; lastKnownFileType = file.xib; path = ChatCell.xib; sourceTree = "<group>"; };
		85FF25742415976600A25D7A /* ViewModel.swift */ = {isa = PBXFileReference; lastKnownFileType = sourcecode.swift; path = ViewModel.swift; sourceTree = "<group>"; };
		85FF25762415AFC300A25D7A /* ChatListSectionController.swift */ = {isa = PBXFileReference; lastKnownFileType = sourcecode.swift; path = ChatListSectionController.swift; sourceTree = "<group>"; };
		E6B74975241427C700F00B29 /* AssemblyBuilder.swift */ = {isa = PBXFileReference; lastKnownFileType = sourcecode.swift; path = AssemblyBuilder.swift; sourceTree = "<group>"; };
		E6B74980241433BF00F00B29 /* AuthorizationViewModel.swift */ = {isa = PBXFileReference; lastKnownFileType = sourcecode.swift; path = AuthorizationViewModel.swift; sourceTree = "<group>"; };
		E6B74982241433F500F00B29 /* AuthorizationViewController.swift */ = {isa = PBXFileReference; lastKnownFileType = sourcecode.swift; path = AuthorizationViewController.swift; sourceTree = "<group>"; };
		E6B74983241433F500F00B29 /* AuthorizationViewController.xib */ = {isa = PBXFileReference; lastKnownFileType = file.xib; path = AuthorizationViewController.xib; sourceTree = "<group>"; };
		E6B749872414377500F00B29 /* Router.swift */ = {isa = PBXFileReference; lastKnownFileType = sourcecode.swift; path = Router.swift; sourceTree = "<group>"; };
		E6B749892414382300F00B29 /* ChatListViewModel.swift */ = {isa = PBXFileReference; lastKnownFileType = sourcecode.swift; path = ChatListViewModel.swift; sourceTree = "<group>"; };
		E6B7498B2414387200F00B29 /* ChatListViewController.swift */ = {isa = PBXFileReference; lastKnownFileType = sourcecode.swift; path = ChatListViewController.swift; sourceTree = "<group>"; };
		E6B7498C2414387200F00B29 /* ChatListViewController.xib */ = {isa = PBXFileReference; lastKnownFileType = file.xib; path = ChatListViewController.xib; sourceTree = "<group>"; };
		E6B74991241449C600F00B29 /* ChatViewController.swift */ = {isa = PBXFileReference; lastKnownFileType = sourcecode.swift; path = ChatViewController.swift; sourceTree = "<group>"; };
		E6B74992241449C600F00B29 /* ChatViewController.xib */ = {isa = PBXFileReference; lastKnownFileType = file.xib; path = ChatViewController.xib; sourceTree = "<group>"; };
		E6B7499524144A4F00F00B29 /* ChatViewModel.swift */ = {isa = PBXFileReference; lastKnownFileType = sourcecode.swift; path = ChatViewModel.swift; sourceTree = "<group>"; };
		E6B7499724144C5700F00B29 /* SceneDelegate.swift */ = {isa = PBXFileReference; lastKnownFileType = sourcecode.swift; path = SceneDelegate.swift; sourceTree = "<group>"; };
		F441FB6A6D812A19A67B8D4F /* Pods_epam_messenger.framework */ = {isa = PBXFileReference; explicitFileType = wrapper.framework; includeInIndex = 0; path = Pods_epam_messenger.framework; sourceTree = BUILT_PRODUCTS_DIR; };
/* End PBXFileReference section */

/* Begin PBXFrameworksBuildPhase section */
		85BE9A6224118CF200E6643B /* Frameworks */ = {
			isa = PBXFrameworksBuildPhase;
			buildActionMask = 2147483647;
			files = (
				169B811410691C70C14B4A08 /* Pods_epam_messenger.framework in Frameworks */,
			);
			runOnlyForDeploymentPostprocessing = 0;
		};
/* End PBXFrameworksBuildPhase section */

/* Begin PBXGroup section */
		31C305C98511AD3E12EE684A /* Pods */ = {
			isa = PBXGroup;
			children = (
				8200E48EEFB5B1F1D143E5ED /* Pods-epam_messenger.debug.xcconfig */,
				1447E47D98003B2188F3A79C /* Pods-epam_messenger.release.xcconfig */,
			);
			name = Pods;
			sourceTree = "<group>";
		};
		853FD19B24165E87005A7985 /* Services */ = {
			isa = PBXGroup;
			children = (
				853FD19D24165EDE005A7985 /* FirestoreService.swift */,
			);
			path = Services;
			sourceTree = "<group>";
		};
		853FD19C24165E9C005A7985 /* Modules */ = {
			isa = PBXGroup;
			children = (
				E6B749782414286000F00B29 /* AuthorizationModule */,
				E6B749772414281F00F00B29 /* ChatListModule */,
				E6B74990241448A000F00B29 /* ChatModule */,
			);
			path = Modules;
			sourceTree = "<group>";
		};
		85BE9A5C24118CF200E6643B = {
			isa = PBXGroup;
			children = (
				85BE9A6724118CF200E6643B /* epam_messenger */,
				85BE9A6624118CF200E6643B /* Products */,
				31C305C98511AD3E12EE684A /* Pods */,
				BB1F43E87C9948612C3146A8 /* Frameworks */,
			);
			sourceTree = "<group>";
		};
		85BE9A6624118CF200E6643B /* Products */ = {
			isa = PBXGroup;
			children = (
				85BE9A6524118CF200E6643B /* epam_messenger.app */,
			);
			name = Products;
			sourceTree = "<group>";
		};
		85BE9A6724118CF200E6643B /* epam_messenger */ = {
			isa = PBXGroup;
			children = (
				E6B7497F2414332D00F00B29 /* Supporting Files */,
				85FF25732415974900A25D7A /* MVVM */,
				853FD19B24165E87005A7985 /* Services */,
				85FF256E24158CBC00A25D7A /* Helpers */,
				85FF25602414621C00A25D7A /* Model */,
				853FD19C24165E9C005A7985 /* Modules */,
				85BE9A6824118CF200E6643B /* AppDelegate.swift */,
				E6B7499724144C5700F00B29 /* SceneDelegate.swift */,
				E6B74975241427C700F00B29 /* AssemblyBuilder.swift */,
				E6B749872414377500F00B29 /* Router.swift */,
				85BE9A7624118CF200E6643B /* Info.plist */,
				8526F3D22417907B00ED62E8 /* Assets.xcassets */,
				856A9C1E2411B8D10039E977 /* GoogleService-Info.plist */,
			);
			path = epam_messenger;
			sourceTree = "<group>";
		};
		85FF25602414621C00A25D7A /* Model */ = {
			isa = PBXGroup;
			children = (
				85FF25612414623200A25D7A /* ChatModel.swift */,
				85FF25632414624B00A25D7A /* MessageModel.swift */,
			);
			path = Model;
			sourceTree = "<group>";
		};
		85FF25652414DB1500A25D7A /* Cell */ = {
			isa = PBXGroup;
			children = (
				85FF256A2414DCDF00A25D7A /* ChatCell.swift */,
				85FF256B2414DCDF00A25D7A /* ChatCell.xib */,
			);
			path = Cell;
			sourceTree = "<group>";
		};
		85FF256E24158CBC00A25D7A /* Helpers */ = {
			isa = PBXGroup;
			children = (
				853FD1AE2416A55A005A7985 /* InvertedCollectionViewFlowLayout.swift */,
				8526F3D42417B8C000ED62E8 /* MessageKit24HourDateFormatter.swift */,
			);
			path = Helpers;
			sourceTree = "<group>";
		};
		85FF25732415974900A25D7A /* MVVM */ = {
			isa = PBXGroup;
			children = (
				85FF25742415976600A25D7A /* ViewModel.swift */,
			);
			path = MVVM;
			sourceTree = "<group>";
		};
		BB1F43E87C9948612C3146A8 /* Frameworks */ = {
			isa = PBXGroup;
			children = (
				F441FB6A6D812A19A67B8D4F /* Pods_epam_messenger.framework */,
			);
			name = Frameworks;
			sourceTree = "<group>";
		};
		E6B749772414281F00F00B29 /* ChatListModule */ = {
			isa = PBXGroup;
			children = (
				85FF25652414DB1500A25D7A /* Cell */,
				E6B749892414382300F00B29 /* ChatListViewModel.swift */,
				E6B7498B2414387200F00B29 /* ChatListViewController.swift */,
				E6B7498C2414387200F00B29 /* ChatListViewController.xib */,
				85FF25762415AFC300A25D7A /* ChatListSectionController.swift */,
			);
			path = ChatListModule;
			sourceTree = "<group>";
		};
		E6B749782414286000F00B29 /* AuthorizationModule */ = {
			isa = PBXGroup;
			children = (
				E6B74980241433BF00F00B29 /* AuthorizationViewModel.swift */,
				E6B74982241433F500F00B29 /* AuthorizationViewController.swift */,
				E6B74983241433F500F00B29 /* AuthorizationViewController.xib */,
			);
			path = AuthorizationModule;
			sourceTree = "<group>";
		};
		E6B7497F2414332D00F00B29 /* Supporting Files */ = {
			isa = PBXGroup;
			children = (
				85BE9A7124118CF200E6643B /* Assets.xcassets */,
				85BE9A7324118CF200E6643B /* LaunchScreen.storyboard */,
			);
			path = "Supporting Files";
			sourceTree = "<group>";
		};
		E6B74990241448A000F00B29 /* ChatModule */ = {
			isa = PBXGroup;
			children = (
				E6B7499524144A4F00F00B29 /* ChatViewModel.swift */,
				E6B74991241449C600F00B29 /* ChatViewController.swift */,
				E6B74992241449C600F00B29 /* ChatViewController.xib */,
			);
			path = ChatModule;
			sourceTree = "<group>";
		};
/* End PBXGroup section */

/* Begin PBXNativeTarget section */
		85BE9A6424118CF200E6643B /* epam_messenger */ = {
			isa = PBXNativeTarget;
			buildConfigurationList = 85BE9A7924118CF200E6643B /* Build configuration list for PBXNativeTarget "epam_messenger" */;
			buildPhases = (
				44694A0E4B2D690F643D4F84 /* [CP] Check Pods Manifest.lock */,
				85BE9A6124118CF200E6643B /* Sources */,
				85BE9A6224118CF200E6643B /* Frameworks */,
				85BE9A6324118CF200E6643B /* Resources */,
				856A9C1B2411A6740039E977 /* SwiftLint */,
				7667E760EF25AC5386A82A82 /* [CP] Embed Pods Frameworks */,
			);
			buildRules = (
			);
			dependencies = (
			);
			name = epam_messenger;
			productName = epam_messenger;
			productReference = 85BE9A6524118CF200E6643B /* epam_messenger.app */;
			productType = "com.apple.product-type.application";
		};
/* End PBXNativeTarget section */

/* Begin PBXProject section */
		85BE9A5D24118CF200E6643B /* Project object */ = {
			isa = PBXProject;
			attributes = {
				LastSwiftUpdateCheck = 1130;
				LastUpgradeCheck = 1130;
				ORGANIZATIONNAME = "";
				TargetAttributes = {
					85BE9A6424118CF200E6643B = {
						CreatedOnToolsVersion = 11.3.1;
					};
				};
			};
			buildConfigurationList = 85BE9A6024118CF200E6643B /* Build configuration list for PBXProject "epam_messenger" */;
			compatibilityVersion = "Xcode 9.3";
			developmentRegion = en;
			hasScannedForEncodings = 0;
			knownRegions = (
				en,
				Base,
			);
			mainGroup = 85BE9A5C24118CF200E6643B;
			productRefGroup = 85BE9A6624118CF200E6643B /* Products */;
			projectDirPath = "";
			projectRoot = "";
			targets = (
				85BE9A6424118CF200E6643B /* epam_messenger */,
			);
		};
/* End PBXProject section */

/* Begin PBXResourcesBuildPhase section */
		85BE9A6324118CF200E6643B /* Resources */ = {
			isa = PBXResourcesBuildPhase;
			buildActionMask = 2147483647;
			files = (
				85FF256D2414DCDF00A25D7A /* ChatCell.xib in Resources */,
				E6B7498E2414387200F00B29 /* ChatListViewController.xib in Resources */,
				85BE9A7524118CF200E6643B /* LaunchScreen.storyboard in Resources */,
				E6B74994241449C600F00B29 /* ChatViewController.xib in Resources */,
				E6B74985241433F500F00B29 /* AuthorizationViewController.xib in Resources */,
				856A9C1F2411B8D10039E977 /* GoogleService-Info.plist in Resources */,
				8526F3D32417907B00ED62E8 /* Assets.xcassets in Resources */,
				85BE9A7224118CF200E6643B /* Assets.xcassets in Resources */,
			);
			runOnlyForDeploymentPostprocessing = 0;
		};
/* End PBXResourcesBuildPhase section */

/* Begin PBXShellScriptBuildPhase section */
		44694A0E4B2D690F643D4F84 /* [CP] Check Pods Manifest.lock */ = {
			isa = PBXShellScriptBuildPhase;
			buildActionMask = 2147483647;
			files = (
			);
			inputPaths = (
				"${PODS_PODFILE_DIR_PATH}/Podfile.lock",
				"${PODS_ROOT}/Manifest.lock",
			);
			name = "[CP] Check Pods Manifest.lock";
			outputPaths = (
				"$(DERIVED_FILE_DIR)/Pods-epam_messenger-checkManifestLockResult.txt",
			);
			runOnlyForDeploymentPostprocessing = 0;
			shellPath = /bin/sh;
			shellScript = "diff \"${PODS_PODFILE_DIR_PATH}/Podfile.lock\" \"${PODS_ROOT}/Manifest.lock\" > /dev/null\nif [ $? != 0 ] ; then\n    # print error to STDERR\n    echo \"error: The sandbox is not in sync with the Podfile.lock. Run 'pod install' or update your CocoaPods installation.\" >&2\n    exit 1\nfi\n# This output is used by Xcode 'outputs' to avoid re-running this script phase.\necho \"SUCCESS\" > \"${SCRIPT_OUTPUT_FILE_0}\"\n";
			showEnvVarsInLog = 0;
		};
		7667E760EF25AC5386A82A82 /* [CP] Embed Pods Frameworks */ = {
			isa = PBXShellScriptBuildPhase;
			buildActionMask = 2147483647;
			files = (
			);
			inputFileListPaths = (
				"${PODS_ROOT}/Target Support Files/Pods-epam_messenger/Pods-epam_messenger-frameworks-${CONFIGURATION}-input-files.xcfilelist",
			);
			name = "[CP] Embed Pods Frameworks";
			outputFileListPaths = (
				"${PODS_ROOT}/Target Support Files/Pods-epam_messenger/Pods-epam_messenger-frameworks-${CONFIGURATION}-output-files.xcfilelist",
			);
			runOnlyForDeploymentPostprocessing = 0;
			shellPath = /bin/sh;
			shellScript = "\"${PODS_ROOT}/Target Support Files/Pods-epam_messenger/Pods-epam_messenger-frameworks.sh\"\n";
			showEnvVarsInLog = 0;
		};
		856A9C1B2411A6740039E977 /* SwiftLint */ = {
			isa = PBXShellScriptBuildPhase;
			buildActionMask = 2147483647;
			files = (
			);
			inputPaths = (
			);
			name = SwiftLint;
			outputPaths = (
			);
			runOnlyForDeploymentPostprocessing = 0;
			shellPath = /bin/sh;
			shellScript = "\"${PODS_ROOT}/SwiftLint/swiftlint\"\n";
		};
/* End PBXShellScriptBuildPhase section */

/* Begin PBXSourcesBuildPhase section */
		85BE9A6124118CF200E6643B /* Sources */ = {
			isa = PBXSourcesBuildPhase;
			buildActionMask = 2147483647;
			files = (
				E6B749882414377500F00B29 /* Router.swift in Sources */,
				E6B74984241433F500F00B29 /* AuthorizationViewController.swift in Sources */,
				85FF25622414623200A25D7A /* ChatModel.swift in Sources */,
				E6B74993241449C600F00B29 /* ChatViewController.swift in Sources */,
				E6B7498D2414387200F00B29 /* ChatListViewController.swift in Sources */,
				85FF25752415976600A25D7A /* ViewModel.swift in Sources */,
				8526F3D52417B8C000ED62E8 /* MessageKit24HourDateFormatter.swift in Sources */,
				E6B74976241427C700F00B29 /* AssemblyBuilder.swift in Sources */,
				E6B7499824144C5700F00B29 /* SceneDelegate.swift in Sources */,
				85FF25772415AFC300A25D7A /* ChatListSectionController.swift in Sources */,
				85FF25642414624B00A25D7A /* MessageModel.swift in Sources */,
				853FD19E24165EDE005A7985 /* FirestoreService.swift in Sources */,
				853FD1AF2416A55A005A7985 /* InvertedCollectionViewFlowLayout.swift in Sources */,
				E6B74981241433BF00F00B29 /* AuthorizationViewModel.swift in Sources */,
				E6B7498A2414382300F00B29 /* ChatListViewModel.swift in Sources */,
				85FF256C2414DCDF00A25D7A /* ChatCell.swift in Sources */,
				E6B7499624144A4F00F00B29 /* ChatViewModel.swift in Sources */,
				85BE9A6924118CF200E6643B /* AppDelegate.swift in Sources */,
			);
			runOnlyForDeploymentPostprocessing = 0;
		};
/* End PBXSourcesBuildPhase section */

/* Begin PBXVariantGroup section */
		85BE9A7324118CF200E6643B /* LaunchScreen.storyboard */ = {
			isa = PBXVariantGroup;
			children = (
				85BE9A7424118CF200E6643B /* Base */,
			);
			name = LaunchScreen.storyboard;
			sourceTree = "<group>";
		};
/* End PBXVariantGroup section */

/* Begin XCBuildConfiguration section */
		85BE9A7724118CF200E6643B /* Debug */ = {
			isa = XCBuildConfiguration;
			buildSettings = {
				ALWAYS_SEARCH_USER_PATHS = NO;
				CLANG_ANALYZER_NONNULL = YES;
				CLANG_ANALYZER_NUMBER_OBJECT_CONVERSION = YES_AGGRESSIVE;
				CLANG_CXX_LANGUAGE_STANDARD = "gnu++14";
				CLANG_CXX_LIBRARY = "libc++";
				CLANG_ENABLE_MODULES = YES;
				CLANG_ENABLE_OBJC_ARC = YES;
				CLANG_ENABLE_OBJC_WEAK = YES;
				CLANG_WARN_BLOCK_CAPTURE_AUTORELEASING = YES;
				CLANG_WARN_BOOL_CONVERSION = YES;
				CLANG_WARN_COMMA = YES;
				CLANG_WARN_CONSTANT_CONVERSION = YES;
				CLANG_WARN_DEPRECATED_OBJC_IMPLEMENTATIONS = YES;
				CLANG_WARN_DIRECT_OBJC_ISA_USAGE = YES_ERROR;
				CLANG_WARN_DOCUMENTATION_COMMENTS = YES;
				CLANG_WARN_EMPTY_BODY = YES;
				CLANG_WARN_ENUM_CONVERSION = YES;
				CLANG_WARN_INFINITE_RECURSION = YES;
				CLANG_WARN_INT_CONVERSION = YES;
				CLANG_WARN_NON_LITERAL_NULL_CONVERSION = YES;
				CLANG_WARN_OBJC_IMPLICIT_RETAIN_SELF = YES;
				CLANG_WARN_OBJC_LITERAL_CONVERSION = YES;
				CLANG_WARN_OBJC_ROOT_CLASS = YES_ERROR;
				CLANG_WARN_RANGE_LOOP_ANALYSIS = YES;
				CLANG_WARN_STRICT_PROTOTYPES = YES;
				CLANG_WARN_SUSPICIOUS_MOVE = YES;
				CLANG_WARN_UNGUARDED_AVAILABILITY = YES_AGGRESSIVE;
				CLANG_WARN_UNREACHABLE_CODE = YES;
				CLANG_WARN__DUPLICATE_METHOD_MATCH = YES;
				COPY_PHASE_STRIP = NO;
				DEBUG_INFORMATION_FORMAT = dwarf;
				ENABLE_STRICT_OBJC_MSGSEND = YES;
				ENABLE_TESTABILITY = YES;
				GCC_C_LANGUAGE_STANDARD = gnu11;
				GCC_DYNAMIC_NO_PIC = NO;
				GCC_NO_COMMON_BLOCKS = YES;
				GCC_OPTIMIZATION_LEVEL = 0;
				GCC_PREPROCESSOR_DEFINITIONS = (
					"DEBUG=1",
					"$(inherited)",
				);
				GCC_WARN_64_TO_32_BIT_CONVERSION = YES;
				GCC_WARN_ABOUT_RETURN_TYPE = YES_ERROR;
				GCC_WARN_UNDECLARED_SELECTOR = YES;
				GCC_WARN_UNINITIALIZED_AUTOS = YES_AGGRESSIVE;
				GCC_WARN_UNUSED_FUNCTION = YES;
				GCC_WARN_UNUSED_VARIABLE = YES;
				IPHONEOS_DEPLOYMENT_TARGET = 13.2;
				MTL_ENABLE_DEBUG_INFO = INCLUDE_SOURCE;
				MTL_FAST_MATH = YES;
				ONLY_ACTIVE_ARCH = YES;
				SDKROOT = iphoneos;
				SWIFT_ACTIVE_COMPILATION_CONDITIONS = DEBUG;
				SWIFT_OPTIMIZATION_LEVEL = "-Onone";
			};
			name = Debug;
		};
		85BE9A7824118CF200E6643B /* Release */ = {
			isa = XCBuildConfiguration;
			buildSettings = {
				ALWAYS_SEARCH_USER_PATHS = NO;
				CLANG_ANALYZER_NONNULL = YES;
				CLANG_ANALYZER_NUMBER_OBJECT_CONVERSION = YES_AGGRESSIVE;
				CLANG_CXX_LANGUAGE_STANDARD = "gnu++14";
				CLANG_CXX_LIBRARY = "libc++";
				CLANG_ENABLE_MODULES = YES;
				CLANG_ENABLE_OBJC_ARC = YES;
				CLANG_ENABLE_OBJC_WEAK = YES;
				CLANG_WARN_BLOCK_CAPTURE_AUTORELEASING = YES;
				CLANG_WARN_BOOL_CONVERSION = YES;
				CLANG_WARN_COMMA = YES;
				CLANG_WARN_CONSTANT_CONVERSION = YES;
				CLANG_WARN_DEPRECATED_OBJC_IMPLEMENTATIONS = YES;
				CLANG_WARN_DIRECT_OBJC_ISA_USAGE = YES_ERROR;
				CLANG_WARN_DOCUMENTATION_COMMENTS = YES;
				CLANG_WARN_EMPTY_BODY = YES;
				CLANG_WARN_ENUM_CONVERSION = YES;
				CLANG_WARN_INFINITE_RECURSION = YES;
				CLANG_WARN_INT_CONVERSION = YES;
				CLANG_WARN_NON_LITERAL_NULL_CONVERSION = YES;
				CLANG_WARN_OBJC_IMPLICIT_RETAIN_SELF = YES;
				CLANG_WARN_OBJC_LITERAL_CONVERSION = YES;
				CLANG_WARN_OBJC_ROOT_CLASS = YES_ERROR;
				CLANG_WARN_RANGE_LOOP_ANALYSIS = YES;
				CLANG_WARN_STRICT_PROTOTYPES = YES;
				CLANG_WARN_SUSPICIOUS_MOVE = YES;
				CLANG_WARN_UNGUARDED_AVAILABILITY = YES_AGGRESSIVE;
				CLANG_WARN_UNREACHABLE_CODE = YES;
				CLANG_WARN__DUPLICATE_METHOD_MATCH = YES;
				COPY_PHASE_STRIP = NO;
				DEBUG_INFORMATION_FORMAT = "dwarf-with-dsym";
				ENABLE_NS_ASSERTIONS = NO;
				ENABLE_STRICT_OBJC_MSGSEND = YES;
				GCC_C_LANGUAGE_STANDARD = gnu11;
				GCC_NO_COMMON_BLOCKS = YES;
				GCC_WARN_64_TO_32_BIT_CONVERSION = YES;
				GCC_WARN_ABOUT_RETURN_TYPE = YES_ERROR;
				GCC_WARN_UNDECLARED_SELECTOR = YES;
				GCC_WARN_UNINITIALIZED_AUTOS = YES_AGGRESSIVE;
				GCC_WARN_UNUSED_FUNCTION = YES;
				GCC_WARN_UNUSED_VARIABLE = YES;
				IPHONEOS_DEPLOYMENT_TARGET = 13.2;
				MTL_ENABLE_DEBUG_INFO = NO;
				MTL_FAST_MATH = YES;
				SDKROOT = iphoneos;
				SWIFT_COMPILATION_MODE = wholemodule;
				SWIFT_OPTIMIZATION_LEVEL = "-O";
				VALIDATE_PRODUCT = YES;
			};
			name = Release;
		};
		85BE9A7A24118CF200E6643B /* Debug */ = {
			isa = XCBuildConfiguration;
			baseConfigurationReference = 8200E48EEFB5B1F1D143E5ED /* Pods-epam_messenger.debug.xcconfig */;
			buildSettings = {
				ASSETCATALOG_COMPILER_APPICON_NAME = AppIcon;
				CODE_SIGN_STYLE = Automatic;
				DEVELOPMENT_TEAM = 99C2LB4W93;
				INFOPLIST_FILE = epam_messenger/Info.plist;
				LD_RUNPATH_SEARCH_PATHS = (
					"$(inherited)",
					"@executable_path/Frameworks",
				);
				PRODUCT_BUNDLE_IDENTIFIER = "ru.coolone.epam-messenger";
				PRODUCT_NAME = "$(TARGET_NAME)";
				SWIFT_VERSION = 5.0;
				TARGETED_DEVICE_FAMILY = "1,2";
			};
			name = Debug;
		};
		85BE9A7B24118CF200E6643B /* Release */ = {
			isa = XCBuildConfiguration;
			baseConfigurationReference = 1447E47D98003B2188F3A79C /* Pods-epam_messenger.release.xcconfig */;
			buildSettings = {
				ASSETCATALOG_COMPILER_APPICON_NAME = AppIcon;
				CODE_SIGN_STYLE = Automatic;
				DEVELOPMENT_TEAM = 99C2LB4W93;
				INFOPLIST_FILE = epam_messenger/Info.plist;
				LD_RUNPATH_SEARCH_PATHS = (
					"$(inherited)",
					"@executable_path/Frameworks",
				);
				PRODUCT_BUNDLE_IDENTIFIER = "ru.coolone.epam-messenger";
				PRODUCT_NAME = "$(TARGET_NAME)";
				SWIFT_VERSION = 5.0;
				TARGETED_DEVICE_FAMILY = "1,2";
			};
			name = Release;
		};
/* End XCBuildConfiguration section */

/* Begin XCConfigurationList section */
		85BE9A6024118CF200E6643B /* Build configuration list for PBXProject "epam_messenger" */ = {
			isa = XCConfigurationList;
			buildConfigurations = (
				85BE9A7724118CF200E6643B /* Debug */,
				85BE9A7824118CF200E6643B /* Release */,
			);
			defaultConfigurationIsVisible = 0;
			defaultConfigurationName = Release;
		};
		85BE9A7924118CF200E6643B /* Build configuration list for PBXNativeTarget "epam_messenger" */ = {
			isa = XCConfigurationList;
			buildConfigurations = (
				85BE9A7A24118CF200E6643B /* Debug */,
				85BE9A7B24118CF200E6643B /* Release */,
			);
			defaultConfigurationIsVisible = 0;
			defaultConfigurationName = Release;
		};
/* End XCConfigurationList section */
	};
	rootObject = 85BE9A5D24118CF200E6643B /* Project object */;
}
